
Microsoft Visual Studio Solution File, Format Version 12.00
# Visual Studio Version 17
VisualStudioVersion = 17.12.35527.113
MinimumVisualStudioVersion = 10.0.40219.1
Project("{FAE04EC0-301F-11D3-BF4B-00C04F79EFBC}") = "Rased.Api", "Rased.Api\Rased.Api.csproj", "{491DD249-E679-4789-9134-D8EB586F28B1}"
EndProject
Project("{FAE04EC0-301F-11D3-BF4B-00C04F79EFBC}") = "Rased.Business", "Rased.Business\Rased.Business.csproj", "{6D6B71F3-AA54-42C1-B94C-22E591D677B0}"
EndProject
Project("{FAE04EC0-301F-11D3-BF4B-00C04F79EFBC}") = "Rased.Infrastructure", "Rased.Infrastructure\Rased.Infrastructure.csproj", "{071C7684-99F8-401A-A4FF-D4474E5CDD56}"
EndProject
Global
	GlobalSection(SolutionConfigurationPlatforms) = preSolution
		Debug|Any CPU = Debug|Any CPU
		Release|Any CPU = Release|Any CPU
	EndGlobalSection
	GlobalSection(ProjectConfigurationPlatforms) = postSolution
		{491DD249-E679-4789-9134-D8EB586F28B1}.Debug|Any CPU.ActiveCfg = Debug|Any CPU
		{491DD249-E679-4789-9134-D8EB586F28B1}.Debug|Any CPU.Build.0 = Debug|Any CPU
		{491DD249-E679-4789-9134-D8EB586F28B1}.Release|Any CPU.ActiveCfg = Release|Any CPU
		{491DD249-E679-4789-9134-D8EB586F28B1}.Release|Any CPU.Build.0 = Release|Any CPU
		{6D6B71F3-AA54-42C1-B94C-22E591D677B0}.Debug|Any CPU.ActiveCfg = Debug|Any CPU
		{6D6B71F3-AA54-42C1-B94C-22E591D677B0}.Debug|Any CPU.Build.0 = Debug|Any CPU
		{6D6B71F3-AA54-42C1-B94C-22E591D677B0}.Release|Any CPU.ActiveCfg = Release|Any CPU
		{6D6B71F3-AA54-42C1-B94C-22E591D677B0}.Release|Any CPU.Build.0 = Release|Any CPU
		{071C7684-99F8-401A-A4FF-D4474E5CDD56}.Debug|Any CPU.ActiveCfg = Debug|Any CPU
		{071C7684-99F8-401A-A4FF-D4474E5CDD56}.Debug|Any CPU.Build.0 = Debug|Any CPU
		{071C7684-99F8-401A-A4FF-D4474E5CDD56}.Release|Any CPU.ActiveCfg = Release|Any CPU
		{071C7684-99F8-401A-A4FF-D4474E5CDD56}.Release|Any CPU.Build.0 = Release|Any CPU
	EndGlobalSection
	GlobalSection(SolutionProperties) = preSolution
		HideSolutionNode = FALSE
	EndGlobalSection
EndGlobal
